{
  "name": "@hivecommons/rationguard",
  "version": "0.11.0",
  "lockfileVersion": 3,
  "requires": true,
  "packages": {
    "": {
      "name": "@hivecommons/rationguard",
      "version": "0.11.0",
      "license": "Apache-2.0",
      "dependencies": {
        "@hivecommons/pluk": "^0.9.0"
      },
      "bin": {
        "rationguard": "dist/cli.js"
      },
      "devDependencies": {
        "@types/node": "^26.6.2",
        "typescript": "^5.7.0"
      },
      "engines": {
        "node": ">=20"
      }
    },
    "node_modules/@hivecommons/pluk": {
      "version": "0.9.0",
      "resolved": "https://registry.npmjs.org/@hivecommons/pluk/-/pluk-0.9.0.tgz",
      "integrity": "sha512-4ZhOgfBSdkzXtiUUdBpJISWv3XWD5oAHgYrcM4m/jcEB5UIY0YHTi2vl+cMGR7w0edXMDggyVLz3j0dIKnzxRw==",
      "license": "Apache-2.0",
      "bin": {
        "pluk": "dist/cli.js",
        "pluk-classify": "dist/cli.js",
        "pluk-send": "dist/cli.js",
        "pluk-subscribe": "dist/cli.js"
      }
    },
    "node_modules/@types/node": {
      "version": "26.6.3",
      "resolved": "https://registry.npmjs.org/@types/node/-/node-26.6.3.tgz",
      "integrity": "sha512-dsqMQQoeTLqu9wynDD00q573mNzso3IdQOAfHRJqLCcmCFPoGo9A1bDpUcv/9tnKpErQWv9uKeGfl37EIS02Yg==",
      "dev": true,
      "license": "MIT",
      "dependencies": {
        "undici-types": "~8.9.0"
      }
    },
    "node_modules/typescript": {
      "version": "5.9.3",
      "resolved": "https://registry.npmjs.org/typescript/-/typescript-5.9.3.tgz",
      "integrity": "sha512-jl1vZzPDinLr9eUt3J/t7V6FgNEw9QjvBPdysz9KfQDD41fQrC2Y4vKQdiaUpFT4bXlb1RHhLpp8wtm6M5TgSw==",
      "dev": true,
      "license": "Apache-2.0",
      "bin": {
        "tsc": "bin/tsc",
        "tsserver": "bin/tsserver"
      },
      "engines": {
        "node": ">=14.17"
      }
    },
    "node_modules/undici-types": {
      "version": "8.9.0",
      "resolved": "https://registry.npmjs.org/undici-types/-/undici-types-8.9.0.tgz",
      "integrity": "sha512-KTDyRTYX8sWmKXAikPHHSyc63CRPETMctyjKFupcC6OBLXT3xsN0e9aF7m+mIXutFWpUXuedtowG7iLOzp0kQg==",
      "dev": true,
      "license": "MIT"
    }
  }
}
